{
  "requires": true,
  "lockfileVersion": 1,
  "dependencies": {
    "argparse": {
      "version": "1.0.10",
      "resolved": "https://registry.npmjs.org/argparse/-/argparse-1.0.10.tgz",
      "integrity": "sha512-o5Roy6tNG4SL/FOkCAN6RzjiakZS25RLYFrcMttJqbdd8BWrnA+fGz57iN5Pb06pvBGvl5gQ0B48dJlslXvoTg==",
      "requires": {
        "sprintf-js": "1.0.3"
      }
    },
    "bower": {
      "version": "1.8.4",
      "resolved": "https://registry.npmjs.org/bower/-/bower-1.8.4.tgz",
      "integrity": "sha1-54dqB23rgTf30GUl3F6MZtuC8oo="
    },
    "codemirror": {
      "version": "5.37.0",
      "resolved": "https://registry.npmjs.org/codemirror/-/codemirror-5.37.0.tgz",
      "integrity": "sha512-dQaayDJCLU4UJcwg2RM44oFrs0dMNndTp6qxQJF6XI71l1xN3RB4IqiKES0b0rccbARbrD/UBB4t8DNknfaOTw=="
    },
    "entities": {
      "version": "1.1.1",
      "resolved": "https://registry.npmjs.org/entities/-/entities-1.1.1.tgz",
      "integrity": "sha1-blwtClYhtdra7O+AuQ7ftc13cvA="
    },
    "eve": {
      "version": "git://github.com/adobe-webplatform/eve.git#eef80ed8d188423c2272746fb8ae5cc8dad84cb1"
    },
    "highlight.js": {
      "version": "9.12.0",
      "resolved": "https://registry.npmjs.org/highlight.js/-/highlight.js-9.12.0.tgz",
      "integrity": "sha1-5tnb5Xy+/mB1HwKvM2GVhwyQwB4="
    },
    "jquery": {
      "version": "3.3.1",
      "resolved": "https://registry.npmjs.org/jquery/-/jquery-3.3.1.tgz",
      "integrity": "sha512-Ubldcmxp5np52/ENotGxlLe6aGMvmF4R8S6tZjsP6Knsaxd/xp3Zrh50cG93lR6nPXyUFwzN3ZSOQI0wRJNdGg=="
    },
    "linkify-it": {
      "version": "2.0.3",
      "resolved": "https://registry.npmjs.org/linkify-it/-/linkify-it-2.0.3.tgz",
      "integrity": "sha1-2UpGSPmxwXnWT6lykSaL22zpQ08=",
      "requires": {
        "uc.micro": "1.0.5"
      }
    },
    "markdown-it": {
      "version": "8.4.1",
      "resolved": "https://registry.npmjs.org/markdown-it/-/markdown-it-8.4.1.tgz",
      "integrity": "sha512-CzzqSSNkFRUf9vlWvhK1awpJreMRqdCrBvZ8DIoDWTOkESMIF741UPAhuAmbyWmdiFPA6WARNhnu2M6Nrhwa+A==",
      "requires": {
        "argparse": "1.0.10",
        "entities": "1.1.1",
        "linkify-it": "2.0.3",
        "mdurl": "1.0.1",
        "uc.micro": "1.0.5"
      }
    },
    "mdurl": {
      "version": "1.0.1",
      "resolved": "https://registry.npmjs.org/mdurl/-/mdurl-1.0.1.tgz",
      "integrity": "sha1-/oWy7HWlkDfyrf7BAP1sYBdhFS4="
    },
    "pako": {
      "version": "1.0.3",
      "resolved": "https://registry.npmjs.org/pako/-/pako-1.0.3.tgz",
      "integrity": "sha1-X1FbDGci4ZgpIK6ABerLC3ynPM8="
    },
    "plantuml-encoder": {
      "version": "1.2.5",
      "resolved": "https://registry.npmjs.org/plantuml-encoder/-/plantuml-encoder-1.2.5.tgz",
      "integrity": "sha512-viV7Sz+BJNX/sC3iyebh2VfLyAZKuu3+JuBs2ISms8+zoTGwPqwk3/WEDw/zROmGAJ/xD4sNd8zsBw/YmTo7ng==",
      "requires": {
        "pako": "1.0.3",
        "utf8-bytes": "0.0.1"
      }
    },
    "raphael": {
      "version": "git+https://github.com/nhnent/raphael.git#78a6ed3ec269f33b6457b0ec66f8c3d1f2ed70e0",
      "requires": {
        "eve": "git://github.com/adobe-webplatform/eve.git#eef80ed8d188423c2272746fb8ae5cc8dad84cb1"
      }
    },
    "resize-observer-polyfill": {
      "version": "1.5.0",
      "resolved": "https://registry.npmjs.org/resize-observer-polyfill/-/resize-observer-polyfill-1.5.0.tgz",
      "integrity": "sha512-M2AelyJDVR/oLnToJLtuDJRBBWUGUvvGigj1411hXhAdyFWqMaqHp7TixW3FpiLuVaikIcR1QL+zqoJoZlOgpg=="
    },
    "sprintf-js": {
      "version": "1.0.3",
      "resolved": "https://registry.npmjs.org/sprintf-js/-/sprintf-js-1.0.3.tgz",
      "integrity": "sha1-BOaSb2YolTVPPdAVIDYzuFcpfiw="
    },
    "squire-rte": {
      "version": "github:neilj/Squire#306230d0df9b38047cd06204476ddc0582569cfd"
    },
    "to-mark": {
      "version": "1.1.0",
      "resolved": "https://registry.npmjs.org/to-mark/-/to-mark-1.1.0.tgz",
      "integrity": "sha512-U+UaBv8pWglbtd1Nyi3uFJl4iXKge8lQm5froeUunsrKwPsC55yjNHs2UF1AyMO+JKnuAi6e4x8l+2bxRjoRcA=="
    },
    "tui-chart": {
      "version": "3.1.1",
      "resolved": "https://registry.npmjs.org/tui-chart/-/tui-chart-3.1.1.tgz",
      "integrity": "sha512-gzR/qmmwkkeF4Vw5x3GlwSVYOKdot1dKRIoew8OKpbLfuSo4+nKR+0PbBj2h7lAYwVgiZs7VxhH5jGYQ02b7qw==",
      "requires": {
        "raphael": "git+https://github.com/nhnent/raphael.git#78a6ed3ec269f33b6457b0ec66f8c3d1f2ed70e0",
        "tui-code-snippet": "1.4.0"
      }
    },
    "tui-code-snippet": {
      "version": "1.4.0",
      "resolved": "https://registry.npmjs.org/tui-code-snippet/-/tui-code-snippet-1.4.0.tgz",
      "integrity": "sha512-a7XzHRbRDi6Tt4lGcopq6ctQjVrzmnw9JMoTFqur5gczgtw5tmgUqXHjg8D9IonDkzZNq5gYLhkzykx4fmn+GA=="
    },
    "tui-color-picker": {
      "version": "2.2.0",
      "resolved": "https://registry.npmjs.org/tui-color-picker/-/tui-color-picker-2.2.0.tgz",
      "integrity": "sha512-oAzMxF19bDExbvv7jVWQBPlrJ8sO3jQe+1rHqKkM4FtpvtGNlJO/ty19LW6pk9CCi1y43cgoG3QUt41ctGmygQ==",
      "requires": {
        "tui-code-snippet": "1.4.0"
      }
    },
    "tui-editor": {
      "version": "1.1.1",
      "resolved": "https://registry.npmjs.org/tui-editor/-/tui-editor-1.1.1.tgz",
      "integrity": "sha512-9t0fSvxk335UJ0YR3nO02PMQp0MCEzr5i7he184N1yXcCuaH25jM1OqcdLKoARBCyD27wbEE3++1YDk0kb1rcQ==",
      "requires": {
        "codemirror": "5.37.0",
        "highlight.js": "9.12.0",
        "jquery": "3.3.1",
        "markdown-it": "8.4.1",
        "plantuml-encoder": "1.2.5",
        "resize-observer-polyfill": "1.5.0",
        "squire-rte": "github:neilj/Squire#306230d0df9b38047cd06204476ddc0582569cfd",
        "to-mark": "1.1.0",
        "tui-chart": "3.1.1",
        "tui-code-snippet": "1.4.0",
        "tui-color-picker": "2.2.0"
      }
    },
    "uc.micro": {
      "version": "1.0.5",
      "resolved": "https://registry.npmjs.org/uc.micro/-/uc.micro-1.0.5.tgz",
      "integrity": "sha512-JoLI4g5zv5qNyT09f4YAvEZIIV1oOjqnewYg5D38dkQljIzpPT296dbIGvKro3digYI1bkb7W6EP1y4uDlmzLg=="
    },
    "utf8-bytes": {
      "version": "0.0.1",
      "resolved": "https://registry.npmjs.org/utf8-bytes/-/utf8-bytes-0.0.1.tgz",
      "integrity": "sha1-EWsCVEjJtQAIHN+/H01sbDfYg30="
    }
  }
}
